
Microsoft Visual Studio Solution File, Format Version 12.00
# Visual Studio Version 16
VisualStudioVersion = 16.0.31727.386
MinimumVisualStudioVersion = 10.0.40219.1
Project("{8BC9CEB8-8B4A-11D0-8D11-00A0C91BC942}") = "SortLinkedList", "SortLinkedList\SortLinkedList.vcxproj", "{9CB03296-EB9F-45E6-BA5F-7310F9FD3DEB}"
EndProject
Global
	GlobalSection(SolutionConfigurationPlatforms) = preSolution
		Debug|x64 = Debug|x64
		Debug|x86 = Debug|x86
		Release|x64 = Release|x64
		Release|x86 = Release|x86
	EndGlobalSection
	GlobalSection(ProjectConfigurationPlatforms) = postSolution
		{9CB03296-EB9F-45E6-BA5F-7310F9FD3DEB}.Debug|x64.ActiveCfg = Debug|x64
		{9CB03296-EB9F-45E6-BA5F-7310F9FD3DEB}.Debug|x64.Build.0 = Debug|x64
		{9CB03296-EB9F-45E6-BA5F-7310F9FD3DEB}.Debug|x86.ActiveCfg = Debug|Win32
		{9CB03296-EB9F-45E6-BA5F-7310F9FD3DEB}.Debug|x86.Build.0 = Debug|Win32
		{9CB03296-EB9F-45E6-BA5F-7310F9FD3DEB}.Release|x64.ActiveCfg = Release|x64
		{9CB03296-EB9F-45E6-BA5F-7310F9FD3DEB}.Release|x64.Build.0 = Release|x64
		{9CB03296-EB9F-45E6-BA5F-7310F9FD3DEB}.Release|x86.ActiveCfg = Release|Win32
		{9CB03296-EB9F-45E6-BA5F-7310F9FD3DEB}.Release|x86.Build.0 = Release|Win32
	EndGlobalSection
	GlobalSection(SolutionProperties) = preSolution
		HideSolutionNode = FALSE
	EndGlobalSection
	GlobalSection(ExtensibilityGlobals) = postSolution
		SolutionGuid = {0B222AE4-A82F-4225-8AD0-93A20770C634}
	EndGlobalSection
EndGlobal
