
Microsoft Visual Studio Solution File, Format Version 12.00
# Visual Studio Version 16
VisualStudioVersion = 16.0.31605.320
MinimumVisualStudioVersion = 10.0.40219.1
Project("{8BC9CEB8-8B4A-11D0-8D11-00A0C91BC942}") = "29.09.2021", "29.09.2021\29.09.2021.vcxproj", "{FF4E22E3-B350-4CCB-8E09-5116E19E0C9E}"
EndProject
Global
	GlobalSection(SolutionConfigurationPlatforms) = preSolution
		Debug|x64 = Debug|x64
		Debug|x86 = Debug|x86
		Release|x64 = Release|x64
		Release|x86 = Release|x86
	EndGlobalSection
	GlobalSection(ProjectConfigurationPlatforms) = postSolution
		{FF4E22E3-B350-4CCB-8E09-5116E19E0C9E}.Debug|x64.ActiveCfg = Debug|x64
		{FF4E22E3-B350-4CCB-8E09-5116E19E0C9E}.Debug|x64.Build.0 = Debug|x64
		{FF4E22E3-B350-4CCB-8E09-5116E19E0C9E}.Debug|x86.ActiveCfg = Debug|Win32
		{FF4E22E3-B350-4CCB-8E09-5116E19E0C9E}.Debug|x86.Build.0 = Debug|Win32
		{FF4E22E3-B350-4CCB-8E09-5116E19E0C9E}.Release|x64.ActiveCfg = Release|x64
		{FF4E22E3-B350-4CCB-8E09-5116E19E0C9E}.Release|x64.Build.0 = Release|x64
		{FF4E22E3-B350-4CCB-8E09-5116E19E0C9E}.Release|x86.ActiveCfg = Release|Win32
		{FF4E22E3-B350-4CCB-8E09-5116E19E0C9E}.Release|x86.Build.0 = Release|Win32
	EndGlobalSection
	GlobalSection(SolutionProperties) = preSolution
		HideSolutionNode = FALSE
	EndGlobalSection
	GlobalSection(ExtensibilityGlobals) = postSolution
		SolutionGuid = {A40A0BF6-3F9B-4BF8-9639-66C3A2E4FE50}
	EndGlobalSection
EndGlobal
