
Microsoft Visual Studio Solution File, Format Version 12.00
# Visual Studio Version 16
VisualStudioVersion = 16.0.31515.178
MinimumVisualStudioVersion = 10.0.40219.1
Project("{8BC9CEB8-8B4A-11D0-8D11-00A0C91BC942}") = "01-input", "01-input\01-input.vcxproj", "{18F95F9C-5CBB-41F0-BF2F-26A8DD8DA558}"
EndProject
Project("{8BC9CEB8-8B4A-11D0-8D11-00A0C91BC942}") = "02-for-loop", "02-for-loop\02-for-loop.vcxproj", "{F205EBE1-09E5-430F-A619-9FA56C394A40}"
EndProject
Project("{8BC9CEB8-8B4A-11D0-8D11-00A0C91BC942}") = "03-while-and-do-while-loops", "03-while-and-do-while-loops\03-while-and-do-while-loops.vcxproj", "{2539EDA2-7C86-45B4-9F57-4339C5055269}"
EndProject
Global
	GlobalSection(SolutionConfigurationPlatforms) = preSolution
		Debug|x64 = Debug|x64
		Debug|x86 = Debug|x86
		Release|x64 = Release|x64
		Release|x86 = Release|x86
	EndGlobalSection
	GlobalSection(ProjectConfigurationPlatforms) = postSolution
		{18F95F9C-5CBB-41F0-BF2F-26A8DD8DA558}.Debug|x64.ActiveCfg = Debug|x64
		{18F95F9C-5CBB-41F0-BF2F-26A8DD8DA558}.Debug|x64.Build.0 = Debug|x64
		{18F95F9C-5CBB-41F0-BF2F-26A8DD8DA558}.Debug|x86.ActiveCfg = Debug|Win32
		{18F95F9C-5CBB-41F0-BF2F-26A8DD8DA558}.Debug|x86.Build.0 = Debug|Win32
		{18F95F9C-5CBB-41F0-BF2F-26A8DD8DA558}.Release|x64.ActiveCfg = Release|x64
		{18F95F9C-5CBB-41F0-BF2F-26A8DD8DA558}.Release|x64.Build.0 = Release|x64
		{18F95F9C-5CBB-41F0-BF2F-26A8DD8DA558}.Release|x86.ActiveCfg = Release|Win32
		{18F95F9C-5CBB-41F0-BF2F-26A8DD8DA558}.Release|x86.Build.0 = Release|Win32
		{F205EBE1-09E5-430F-A619-9FA56C394A40}.Debug|x64.ActiveCfg = Debug|x64
		{F205EBE1-09E5-430F-A619-9FA56C394A40}.Debug|x64.Build.0 = Debug|x64
		{F205EBE1-09E5-430F-A619-9FA56C394A40}.Debug|x86.ActiveCfg = Debug|Win32
		{F205EBE1-09E5-430F-A619-9FA56C394A40}.Debug|x86.Build.0 = Debug|Win32
		{F205EBE1-09E5-430F-A619-9FA56C394A40}.Release|x64.ActiveCfg = Release|x64
		{F205EBE1-09E5-430F-A619-9FA56C394A40}.Release|x64.Build.0 = Release|x64
		{F205EBE1-09E5-430F-A619-9FA56C394A40}.Release|x86.ActiveCfg = Release|Win32
		{F205EBE1-09E5-430F-A619-9FA56C394A40}.Release|x86.Build.0 = Release|Win32
		{2539EDA2-7C86-45B4-9F57-4339C5055269}.Debug|x64.ActiveCfg = Debug|x64
		{2539EDA2-7C86-45B4-9F57-4339C5055269}.Debug|x64.Build.0 = Debug|x64
		{2539EDA2-7C86-45B4-9F57-4339C5055269}.Debug|x86.ActiveCfg = Debug|Win32
		{2539EDA2-7C86-45B4-9F57-4339C5055269}.Debug|x86.Build.0 = Debug|Win32
		{2539EDA2-7C86-45B4-9F57-4339C5055269}.Release|x64.ActiveCfg = Release|x64
		{2539EDA2-7C86-45B4-9F57-4339C5055269}.Release|x64.Build.0 = Release|x64
		{2539EDA2-7C86-45B4-9F57-4339C5055269}.Release|x86.ActiveCfg = Release|Win32
		{2539EDA2-7C86-45B4-9F57-4339C5055269}.Release|x86.Build.0 = Release|Win32
	EndGlobalSection
	GlobalSection(SolutionProperties) = preSolution
		HideSolutionNode = FALSE
	EndGlobalSection
	GlobalSection(ExtensibilityGlobals) = postSolution
		SolutionGuid = {29444D40-36A4-4492-8EB1-EBFEDEEDFCF3}
	EndGlobalSection
EndGlobal
