
Microsoft Visual Studio Solution File, Format Version 12.00
# Visual Studio Version 16
VisualStudioVersion = 16.0.31702.278
MinimumVisualStudioVersion = 10.0.40219.1
Project("{8BC9CEB8-8B4A-11D0-8D11-00A0C91BC942}") = "01-arrays", "01-arrays\01-arrays.vcxproj", "{48FEFB59-CAAD-48E8-AF2F-505B16E1CBAF}"
EndProject
Project("{8BC9CEB8-8B4A-11D0-8D11-00A0C91BC942}") = "02-buble-sort", "02-buble-sort\02-buble-sort.vcxproj", "{58DEE838-421B-45C6-995B-EBFBFC445429}"
EndProject
Global
	GlobalSection(SolutionConfigurationPlatforms) = preSolution
		Debug|x64 = Debug|x64
		Debug|x86 = Debug|x86
		Release|x64 = Release|x64
		Release|x86 = Release|x86
	EndGlobalSection
	GlobalSection(ProjectConfigurationPlatforms) = postSolution
		{48FEFB59-CAAD-48E8-AF2F-505B16E1CBAF}.Debug|x64.ActiveCfg = Debug|x64
		{48FEFB59-CAAD-48E8-AF2F-505B16E1CBAF}.Debug|x64.Build.0 = Debug|x64
		{48FEFB59-CAAD-48E8-AF2F-505B16E1CBAF}.Debug|x86.ActiveCfg = Debug|Win32
		{48FEFB59-CAAD-48E8-AF2F-505B16E1CBAF}.Debug|x86.Build.0 = Debug|Win32
		{48FEFB59-CAAD-48E8-AF2F-505B16E1CBAF}.Release|x64.ActiveCfg = Release|x64
		{48FEFB59-CAAD-48E8-AF2F-505B16E1CBAF}.Release|x64.Build.0 = Release|x64
		{48FEFB59-CAAD-48E8-AF2F-505B16E1CBAF}.Release|x86.ActiveCfg = Release|Win32
		{48FEFB59-CAAD-48E8-AF2F-505B16E1CBAF}.Release|x86.Build.0 = Release|Win32
		{58DEE838-421B-45C6-995B-EBFBFC445429}.Debug|x64.ActiveCfg = Debug|x64
		{58DEE838-421B-45C6-995B-EBFBFC445429}.Debug|x64.Build.0 = Debug|x64
		{58DEE838-421B-45C6-995B-EBFBFC445429}.Debug|x86.ActiveCfg = Debug|Win32
		{58DEE838-421B-45C6-995B-EBFBFC445429}.Debug|x86.Build.0 = Debug|Win32
		{58DEE838-421B-45C6-995B-EBFBFC445429}.Release|x64.ActiveCfg = Release|x64
		{58DEE838-421B-45C6-995B-EBFBFC445429}.Release|x64.Build.0 = Release|x64
		{58DEE838-421B-45C6-995B-EBFBFC445429}.Release|x86.ActiveCfg = Release|Win32
		{58DEE838-421B-45C6-995B-EBFBFC445429}.Release|x86.Build.0 = Release|Win32
	EndGlobalSection
	GlobalSection(SolutionProperties) = preSolution
		HideSolutionNode = FALSE
	EndGlobalSection
	GlobalSection(ExtensibilityGlobals) = postSolution
		SolutionGuid = {9098B891-2FC3-4462-95A1-25689F04C322}
	EndGlobalSection
EndGlobal
